
Microsoft Visual Studio Solution File, Format Version 12.00
# Visual Studio Version 16
VisualStudioVersion = 16.0.29920.165
MinimumVisualStudioVersion = 10.0.40219.1
Project("{FAE04EC0-301F-11D3-BF4B-00C04F79EFBC}") = "01_Cafe", "01_Cafe\01_Cafe.csproj", "{FF6182A1-56E5-4461-9BF5-C998BC04AC32}"
EndProject
Project("{FAE04EC0-301F-11D3-BF4B-00C04F79EFBC}") = "01_CafeUI", "01_CafeUI\01_CafeUI.csproj", "{81967DA8-D7EF-42E4-918C-48311CB40BA0}"
EndProject
Project("{FAE04EC0-301F-11D3-BF4B-00C04F79EFBC}") = "01_CafeTests", "01_CafeTest\01_CafeTests.csproj", "{C9457363-0FA7-4F3C-A3ED-BD593DFEECF5}"
EndProject
Project("{2150E333-8FDC-42A3-9474-1A3956D46DE8}") = "01_Komodo_Cafe", "01_Komodo_Cafe", "{20921489-7F3B-41A9-A973-4ED2CC7D2757}"
EndProject
Project("{2150E333-8FDC-42A3-9474-1A3956D46DE8}") = "02_Komodo_Claims", "02_Komodo_Claims", "{8CC2E9D2-BC0F-42E4-A0FF-CEFC56E2A069}"
EndProject
Project("{FAE04EC0-301F-11D3-BF4B-00C04F79EFBC}") = "02_ClaimsUI", "ClaimsUI\02_ClaimsUI.csproj", "{56351846-E2BB-4B8E-99D4-EF73AD20A903}"
EndProject
Project("{FAE04EC0-301F-11D3-BF4B-00C04F79EFBC}") = "02_Claims", "02_ClaimsRepo\02_Claims.csproj", "{26FD9FDD-F06E-48D6-A73F-BD69FB1AC585}"
EndProject
Project("{FAE04EC0-301F-11D3-BF4B-00C04F79EFBC}") = "02_ClaimsTests", "ClaimsContent_Tests\02_ClaimsTests.csproj", "{A6D9D7BC-6A65-46AD-8FE9-A6FC06D2CE2B}"
EndProject
Project("{2150E333-8FDC-42A3-9474-1A3956D46DE8}") = "03_Komodo_Badges", "03_Komodo_Badges", "{4E613938-C848-431A-8494-9FF5BCD6ED46}"
EndProject
Project("{FAE04EC0-301F-11D3-BF4B-00C04F79EFBC}") = "03_BadgesTests", "03_Badges_Tests\03_BadgesTests.csproj", "{D4E9C772-C6E8-4E7A-A847-A7E07C5D708F}"
EndProject
Project("{FAE04EC0-301F-11D3-BF4B-00C04F79EFBC}") = "03_Badges", "03_Badges\03_Badges.csproj", "{72DA2232-9FFD-44C8-AC3D-833DC68CDCF2}"
EndProject
Project("{FAE04EC0-301F-11D3-BF4B-00C04F79EFBC}") = "03_BadgesUI", "03_BadgesUI\03_BadgesUI.csproj", "{DE6B1225-0372-4E2F-91FB-59357F9BCFC7}"
EndProject
Global
	GlobalSection(SolutionConfigurationPlatforms) = preSolution
		Debug|Any CPU = Debug|Any CPU
		Release|Any CPU = Release|Any CPU
	EndGlobalSection
	GlobalSection(ProjectConfigurationPlatforms) = postSolution
		{FF6182A1-56E5-4461-9BF5-C998BC04AC32}.Debug|Any CPU.ActiveCfg = Debug|Any CPU
		{FF6182A1-56E5-4461-9BF5-C998BC04AC32}.Debug|Any CPU.Build.0 = Debug|Any CPU
		{FF6182A1-56E5-4461-9BF5-C998BC04AC32}.Release|Any CPU.ActiveCfg = Release|Any CPU
		{FF6182A1-56E5-4461-9BF5-C998BC04AC32}.Release|Any CPU.Build.0 = Release|Any CPU
		{81967DA8-D7EF-42E4-918C-48311CB40BA0}.Debug|Any CPU.ActiveCfg = Debug|Any CPU
		{81967DA8-D7EF-42E4-918C-48311CB40BA0}.Debug|Any CPU.Build.0 = Debug|Any CPU
		{81967DA8-D7EF-42E4-918C-48311CB40BA0}.Release|Any CPU.ActiveCfg = Release|Any CPU
		{81967DA8-D7EF-42E4-918C-48311CB40BA0}.Release|Any CPU.Build.0 = Release|Any CPU
		{C9457363-0FA7-4F3C-A3ED-BD593DFEECF5}.Debug|Any CPU.ActiveCfg = Debug|Any CPU
		{C9457363-0FA7-4F3C-A3ED-BD593DFEECF5}.Debug|Any CPU.Build.0 = Debug|Any CPU
		{C9457363-0FA7-4F3C-A3ED-BD593DFEECF5}.Release|Any CPU.ActiveCfg = Release|Any CPU
		{C9457363-0FA7-4F3C-A3ED-BD593DFEECF5}.Release|Any CPU.Build.0 = Release|Any CPU
		{56351846-E2BB-4B8E-99D4-EF73AD20A903}.Debug|Any CPU.ActiveCfg = Debug|Any CPU
		{56351846-E2BB-4B8E-99D4-EF73AD20A903}.Debug|Any CPU.Build.0 = Debug|Any CPU
		{56351846-E2BB-4B8E-99D4-EF73AD20A903}.Release|Any CPU.ActiveCfg = Release|Any CPU
		{56351846-E2BB-4B8E-99D4-EF73AD20A903}.Release|Any CPU.Build.0 = Release|Any CPU
		{26FD9FDD-F06E-48D6-A73F-BD69FB1AC585}.Debug|Any CPU.ActiveCfg = Debug|Any CPU
		{26FD9FDD-F06E-48D6-A73F-BD69FB1AC585}.Debug|Any CPU.Build.0 = Debug|Any CPU
		{26FD9FDD-F06E-48D6-A73F-BD69FB1AC585}.Release|Any CPU.ActiveCfg = Release|Any CPU
		{26FD9FDD-F06E-48D6-A73F-BD69FB1AC585}.Release|Any CPU.Build.0 = Release|Any CPU
		{A6D9D7BC-6A65-46AD-8FE9-A6FC06D2CE2B}.Debug|Any CPU.ActiveCfg = Debug|Any CPU
		{A6D9D7BC-6A65-46AD-8FE9-A6FC06D2CE2B}.Debug|Any CPU.Build.0 = Debug|Any CPU
		{A6D9D7BC-6A65-46AD-8FE9-A6FC06D2CE2B}.Release|Any CPU.ActiveCfg = Release|Any CPU
		{A6D9D7BC-6A65-46AD-8FE9-A6FC06D2CE2B}.Release|Any CPU.Build.0 = Release|Any CPU
		{D4E9C772-C6E8-4E7A-A847-A7E07C5D708F}.Debug|Any CPU.ActiveCfg = Debug|Any CPU
		{D4E9C772-C6E8-4E7A-A847-A7E07C5D708F}.Debug|Any CPU.Build.0 = Debug|Any CPU
		{D4E9C772-C6E8-4E7A-A847-A7E07C5D708F}.Release|Any CPU.ActiveCfg = Release|Any CPU
		{D4E9C772-C6E8-4E7A-A847-A7E07C5D708F}.Release|Any CPU.Build.0 = Release|Any CPU
		{72DA2232-9FFD-44C8-AC3D-833DC68CDCF2}.Debug|Any CPU.ActiveCfg = Debug|Any CPU
		{72DA2232-9FFD-44C8-AC3D-833DC68CDCF2}.Debug|Any CPU.Build.0 = Debug|Any CPU
		{72DA2232-9FFD-44C8-AC3D-833DC68CDCF2}.Release|Any CPU.ActiveCfg = Release|Any CPU
		{72DA2232-9FFD-44C8-AC3D-833DC68CDCF2}.Release|Any CPU.Build.0 = Release|Any CPU
		{DE6B1225-0372-4E2F-91FB-59357F9BCFC7}.Debug|Any CPU.ActiveCfg = Debug|Any CPU
		{DE6B1225-0372-4E2F-91FB-59357F9BCFC7}.Debug|Any CPU.Build.0 = Debug|Any CPU
		{DE6B1225-0372-4E2F-91FB-59357F9BCFC7}.Release|Any CPU.ActiveCfg = Release|Any CPU
		{DE6B1225-0372-4E2F-91FB-59357F9BCFC7}.Release|Any CPU.Build.0 = Release|Any CPU
	EndGlobalSection
	GlobalSection(SolutionProperties) = preSolution
		HideSolutionNode = FALSE
	EndGlobalSection
	GlobalSection(NestedProjects) = preSolution
		{FF6182A1-56E5-4461-9BF5-C998BC04AC32} = {20921489-7F3B-41A9-A973-4ED2CC7D2757}
		{81967DA8-D7EF-42E4-918C-48311CB40BA0} = {20921489-7F3B-41A9-A973-4ED2CC7D2757}
		{C9457363-0FA7-4F3C-A3ED-BD593DFEECF5} = {20921489-7F3B-41A9-A973-4ED2CC7D2757}
		{56351846-E2BB-4B8E-99D4-EF73AD20A903} = {8CC2E9D2-BC0F-42E4-A0FF-CEFC56E2A069}
		{26FD9FDD-F06E-48D6-A73F-BD69FB1AC585} = {8CC2E9D2-BC0F-42E4-A0FF-CEFC56E2A069}
		{A6D9D7BC-6A65-46AD-8FE9-A6FC06D2CE2B} = {8CC2E9D2-BC0F-42E4-A0FF-CEFC56E2A069}
		{D4E9C772-C6E8-4E7A-A847-A7E07C5D708F} = {4E613938-C848-431A-8494-9FF5BCD6ED46}
		{72DA2232-9FFD-44C8-AC3D-833DC68CDCF2} = {4E613938-C848-431A-8494-9FF5BCD6ED46}
		{DE6B1225-0372-4E2F-91FB-59357F9BCFC7} = {4E613938-C848-431A-8494-9FF5BCD6ED46}
	EndGlobalSection
	GlobalSection(ExtensibilityGlobals) = postSolution
		SolutionGuid = {F688A87F-29ED-40A3-AA62-776C68F567F0}
	EndGlobalSection
EndGlobal
